
Microsoft Visual Studio Solution File, Format Version 12.00
# Visual Studio Version 17
VisualStudioVersion = 17.0.31903.59
MinimumVisualStudioVersion = 10.0.40219.1
Project("{FAE04EC0-301F-11D3-BF4B-00C04F79EFBC}") = "SKUApp.Domain.Entities", "SKUApp.Domain.Entities\SKUApp.Domain.Entities.csproj", "{FAF79D3A-73D3-4A68-8731-6F9515F88CE8}"
EndProject
Project("{FAE04EC0-301F-11D3-BF4B-00C04F79EFBC}") = "SKUApp.Domain.Services", "SKUApp.Domain.Services\SKUApp.Domain.Services.csproj", "{5791BA06-DDEA-48A0-86FB-533B8B8C3E63}"
EndProject
Project("{FAE04EC0-301F-11D3-BF4B-00C04F79EFBC}") = "SKUApp.Domain.Services.Tests", "SKUApp.Domain.Services.Tests\SKUApp.Domain.Services.Tests.csproj", "{62CCB3B7-CF7B-4879-B6C2-F1A03D4A0ECC}"
EndProject
Project("{FAE04EC0-301F-11D3-BF4B-00C04F79EFBC}") = "SKUApp.Middleware.Api", "SKUApp.Middleware.Api\SKUApp.Middleware.Api.csproj", "{388C2E03-232B-4639-9AD9-A64DF858182C}"
EndProject
Project("{FAE04EC0-301F-11D3-BF4B-00C04F79EFBC}") = "SKUApp.Middleware.Api.IntegrationTests", "SKUApp.Middleware.Api.IntegrationTests\SKUApp.Middleware.Api.IntegrationTests.csproj", "{8B28B1B8-8B86-4E86-AFFD-FC2F77F249C2}"
EndProject
Project("{FAE04EC0-301F-11D3-BF4B-00C04F79EFBC}") = "SKUApp.Presentation.DataTransferObjects", "SKUApp.Presentation.DataTransferObjects\SKUApp.Presentation.DataTransferObjects.csproj", "{4242381F-159C-4770-9EF9-D1D4E965FC8B}"
EndProject
Project("{FAE04EC0-301F-11D3-BF4B-00C04F79EFBC}") = "SKUApp.Domain.ServiceContracts", "SKUApp.Domain.ServiceContracts\SKUApp.Domain.ServiceContracts.csproj", "{CE4CBED2-DE9D-413A-AF6A-A5B6103D0F6E}"
EndProject
Project("{FAE04EC0-301F-11D3-BF4B-00C04F79EFBC}") = "SKUApp.Common", "SKUApp.Common\SKUApp.Common.csproj", "{9094B301-71D4-4A91-A383-4C261E096EC7}"
EndProject
Project("{FAE04EC0-301F-11D3-BF4B-00C04F79EFBC}") = "SKUApp.Domain.DataContracts", "SKUApp.Domain.DataContracts\SKUApp.Domain.DataContracts.csproj", "{BA4EB6FC-7A6B-493E-B4BF-1A83C6B399AF}"
EndProject
Project("{FAE04EC0-301F-11D3-BF4B-00C04F79EFBC}") = "SKUApp.Data.EFCore.InMemory", "SKUApp.Data.EFCore.InMemory\SKUApp.Data.EFCore.InMemory.csproj", "{678AABB9-941B-413A-9C4F-4B014B0FCA9A}"
EndProject
Global
	GlobalSection(SolutionConfigurationPlatforms) = preSolution
		Debug|Any CPU = Debug|Any CPU
		Release|Any CPU = Release|Any CPU
	EndGlobalSection
	GlobalSection(SolutionProperties) = preSolution
		HideSolutionNode = FALSE
	EndGlobalSection
	GlobalSection(ProjectConfigurationPlatforms) = postSolution
		{FAF79D3A-73D3-4A68-8731-6F9515F88CE8}.Debug|Any CPU.ActiveCfg = Debug|Any CPU
		{FAF79D3A-73D3-4A68-8731-6F9515F88CE8}.Debug|Any CPU.Build.0 = Debug|Any CPU
		{FAF79D3A-73D3-4A68-8731-6F9515F88CE8}.Release|Any CPU.ActiveCfg = Release|Any CPU
		{FAF79D3A-73D3-4A68-8731-6F9515F88CE8}.Release|Any CPU.Build.0 = Release|Any CPU
		{5791BA06-DDEA-48A0-86FB-533B8B8C3E63}.Debug|Any CPU.ActiveCfg = Debug|Any CPU
		{5791BA06-DDEA-48A0-86FB-533B8B8C3E63}.Debug|Any CPU.Build.0 = Debug|Any CPU
		{5791BA06-DDEA-48A0-86FB-533B8B8C3E63}.Release|Any CPU.ActiveCfg = Release|Any CPU
		{5791BA06-DDEA-48A0-86FB-533B8B8C3E63}.Release|Any CPU.Build.0 = Release|Any CPU
		{62CCB3B7-CF7B-4879-B6C2-F1A03D4A0ECC}.Debug|Any CPU.ActiveCfg = Debug|Any CPU
		{62CCB3B7-CF7B-4879-B6C2-F1A03D4A0ECC}.Debug|Any CPU.Build.0 = Debug|Any CPU
		{62CCB3B7-CF7B-4879-B6C2-F1A03D4A0ECC}.Release|Any CPU.ActiveCfg = Release|Any CPU
		{62CCB3B7-CF7B-4879-B6C2-F1A03D4A0ECC}.Release|Any CPU.Build.0 = Release|Any CPU
		{388C2E03-232B-4639-9AD9-A64DF858182C}.Debug|Any CPU.ActiveCfg = Debug|Any CPU
		{388C2E03-232B-4639-9AD9-A64DF858182C}.Debug|Any CPU.Build.0 = Debug|Any CPU
		{388C2E03-232B-4639-9AD9-A64DF858182C}.Release|Any CPU.ActiveCfg = Release|Any CPU
		{388C2E03-232B-4639-9AD9-A64DF858182C}.Release|Any CPU.Build.0 = Release|Any CPU
		{8B28B1B8-8B86-4E86-AFFD-FC2F77F249C2}.Debug|Any CPU.ActiveCfg = Debug|Any CPU
		{8B28B1B8-8B86-4E86-AFFD-FC2F77F249C2}.Debug|Any CPU.Build.0 = Debug|Any CPU
		{8B28B1B8-8B86-4E86-AFFD-FC2F77F249C2}.Release|Any CPU.ActiveCfg = Release|Any CPU
		{8B28B1B8-8B86-4E86-AFFD-FC2F77F249C2}.Release|Any CPU.Build.0 = Release|Any CPU
		{4242381F-159C-4770-9EF9-D1D4E965FC8B}.Debug|Any CPU.ActiveCfg = Debug|Any CPU
		{4242381F-159C-4770-9EF9-D1D4E965FC8B}.Debug|Any CPU.Build.0 = Debug|Any CPU
		{4242381F-159C-4770-9EF9-D1D4E965FC8B}.Release|Any CPU.ActiveCfg = Release|Any CPU
		{4242381F-159C-4770-9EF9-D1D4E965FC8B}.Release|Any CPU.Build.0 = Release|Any CPU
		{CE4CBED2-DE9D-413A-AF6A-A5B6103D0F6E}.Debug|Any CPU.ActiveCfg = Debug|Any CPU
		{CE4CBED2-DE9D-413A-AF6A-A5B6103D0F6E}.Debug|Any CPU.Build.0 = Debug|Any CPU
		{CE4CBED2-DE9D-413A-AF6A-A5B6103D0F6E}.Release|Any CPU.ActiveCfg = Release|Any CPU
		{CE4CBED2-DE9D-413A-AF6A-A5B6103D0F6E}.Release|Any CPU.Build.0 = Release|Any CPU
		{9094B301-71D4-4A91-A383-4C261E096EC7}.Debug|Any CPU.ActiveCfg = Debug|Any CPU
		{9094B301-71D4-4A91-A383-4C261E096EC7}.Debug|Any CPU.Build.0 = Debug|Any CPU
		{9094B301-71D4-4A91-A383-4C261E096EC7}.Release|Any CPU.ActiveCfg = Release|Any CPU
		{9094B301-71D4-4A91-A383-4C261E096EC7}.Release|Any CPU.Build.0 = Release|Any CPU
		{BA4EB6FC-7A6B-493E-B4BF-1A83C6B399AF}.Debug|Any CPU.ActiveCfg = Debug|Any CPU
		{BA4EB6FC-7A6B-493E-B4BF-1A83C6B399AF}.Debug|Any CPU.Build.0 = Debug|Any CPU
		{BA4EB6FC-7A6B-493E-B4BF-1A83C6B399AF}.Release|Any CPU.ActiveCfg = Release|Any CPU
		{BA4EB6FC-7A6B-493E-B4BF-1A83C6B399AF}.Release|Any CPU.Build.0 = Release|Any CPU
		{678AABB9-941B-413A-9C4F-4B014B0FCA9A}.Debug|Any CPU.ActiveCfg = Debug|Any CPU
		{678AABB9-941B-413A-9C4F-4B014B0FCA9A}.Debug|Any CPU.Build.0 = Debug|Any CPU
		{678AABB9-941B-413A-9C4F-4B014B0FCA9A}.Release|Any CPU.ActiveCfg = Release|Any CPU
		{678AABB9-941B-413A-9C4F-4B014B0FCA9A}.Release|Any CPU.Build.0 = Release|Any CPU
	EndGlobalSection
EndGlobal
